
Microsoft Visual Studio Solution File, Format Version 12.00
# Visual Studio Version 17
VisualStudioVersion = 17.14.36811.4 d17.14
MinimumVisualStudioVersion = 10.0.40219.1
Project("{FAE04EC0-301F-11D3-BF4B-00C04F79EFBC}") = "ChallangeHeroes", "ChallangeHeroes\ChallangeHeroes.csproj", "{C4B1D811-2BC3-4F97-B542-4E0794F0FC22}"
EndProject
Global
	GlobalSection(SolutionConfigurationPlatforms) = preSolution
		Debug|Any CPU = Debug|Any CPU
		Release|Any CPU = Release|Any CPU
	EndGlobalSection
	GlobalSection(ProjectConfigurationPlatforms) = postSolution
		{C4B1D811-2BC3-4F97-B542-4E0794F0FC22}.Debug|Any CPU.ActiveCfg = Debug|Any CPU
		{C4B1D811-2BC3-4F97-B542-4E0794F0FC22}.Debug|Any CPU.Build.0 = Debug|Any CPU
		{C4B1D811-2BC3-4F97-B542-4E0794F0FC22}.Release|Any CPU.ActiveCfg = Release|Any CPU
		{C4B1D811-2BC3-4F97-B542-4E0794F0FC22}.Release|Any CPU.Build.0 = Release|Any CPU
	EndGlobalSection
	GlobalSection(SolutionProperties) = preSolution
		HideSolutionNode = FALSE
	EndGlobalSection
	GlobalSection(ExtensibilityGlobals) = postSolution
		SolutionGuid = {BA38EF1A-33D8-4CF9-AAA6-E9AD050C9923}
	EndGlobalSection
EndGlobal
